
Microsoft Visual Studio Solution File, Format Version 12.00
# Visual Studio 15
Project("{FAE04EC0-301F-11D3-BF4B-00C04F79EFBC}") = "Assembly-CSharp", "Assembly-CSharp.csproj", "{64E7A9FE-77BA-3221-3782-2DFA05617211}"
EndProject
Project("{FAE04EC0-301F-11D3-BF4B-00C04F79EFBC}") = "Assembly-CSharp-Editor", "Assembly-CSharp-Editor.csproj", "{EAC56E53-26B6-A3E9-1049-B2B2D9E2D480}"
EndProject
Global
	GlobalSection(SolutionConfigurationPlatforms) = preSolution
		Debug|Any CPU = Debug|Any CPU
		Release|Any CPU = Release|Any CPU
	EndGlobalSection
	GlobalSection(ProjectConfigurationPlatforms) = postSolution
		{64E7A9FE-77BA-3221-3782-2DFA05617211}.Debug|Any CPU.ActiveCfg = Debug|Any CPU
		{64E7A9FE-77BA-3221-3782-2DFA05617211}.Debug|Any CPU.Build.0 = Debug|Any CPU
		{64E7A9FE-77BA-3221-3782-2DFA05617211}.Release|Any CPU.ActiveCfg = Release|Any CPU
		{64E7A9FE-77BA-3221-3782-2DFA05617211}.Release|Any CPU.Build.0 = Release|Any CPU
		{EAC56E53-26B6-A3E9-1049-B2B2D9E2D480}.Debug|Any CPU.ActiveCfg = Debug|Any CPU
		{EAC56E53-26B6-A3E9-1049-B2B2D9E2D480}.Debug|Any CPU.Build.0 = Debug|Any CPU
		{EAC56E53-26B6-A3E9-1049-B2B2D9E2D480}.Release|Any CPU.ActiveCfg = Release|Any CPU
		{EAC56E53-26B6-A3E9-1049-B2B2D9E2D480}.Release|Any CPU.Build.0 = Release|Any CPU
	EndGlobalSection
	GlobalSection(SolutionProperties) = preSolution
		HideSolutionNode = FALSE
	EndGlobalSection
EndGlobal
